
Microsoft Visual Studio Solution File, Format Version 11.00
# Visual Studio 2010
Project("{8BC9CEB8-8B4A-11D0-8D11-00A0C91BC942}") = "c6 ktlt 2", "c6 ktlt 2\c6 ktlt 2.vcxproj", "{5BDAAB37-3E29-4433-959F-749E6F30FEA0}"
EndProject
Global
	GlobalSection(SolutionConfigurationPlatforms) = preSolution
		Debug|Win32 = Debug|Win32
		Release|Win32 = Release|Win32
	EndGlobalSection
	GlobalSection(ProjectConfigurationPlatforms) = postSolution
		{5BDAAB37-3E29-4433-959F-749E6F30FEA0}.Debug|Win32.ActiveCfg = Debug|Win32
		{5BDAAB37-3E29-4433-959F-749E6F30FEA0}.Debug|Win32.Build.0 = Debug|Win32
		{5BDAAB37-3E29-4433-959F-749E6F30FEA0}.Release|Win32.ActiveCfg = Release|Win32
		{5BDAAB37-3E29-4433-959F-749E6F30FEA0}.Release|Win32.Build.0 = Release|Win32
	EndGlobalSection
	GlobalSection(SolutionProperties) = preSolution
		HideSolutionNode = FALSE
	EndGlobalSection
EndGlobal
